
Microsoft Visual Studio Solution File, Format Version 12.00
# Visual Studio Version 17
VisualStudioVersion = 17.14.36327.8 d17.14
MinimumVisualStudioVersion = 10.0.40219.1
Project("{FAE04EC0-301F-11D3-BF4B-00C04F79EFBC}") = "Api Integration", "Api Integration\Api Integration.csproj", "{335A933B-70FF-4095-9290-45DD27C12302}"
EndProject
Global
	GlobalSection(SolutionConfigurationPlatforms) = preSolution
		Debug|Any CPU = Debug|Any CPU
		Release|Any CPU = Release|Any CPU
	EndGlobalSection
	GlobalSection(ProjectConfigurationPlatforms) = postSolution
		{335A933B-70FF-4095-9290-45DD27C12302}.Debug|Any CPU.ActiveCfg = Debug|Any CPU
		{335A933B-70FF-4095-9290-45DD27C12302}.Debug|Any CPU.Build.0 = Debug|Any CPU
		{335A933B-70FF-4095-9290-45DD27C12302}.Release|Any CPU.ActiveCfg = Release|Any CPU
		{335A933B-70FF-4095-9290-45DD27C12302}.Release|Any CPU.Build.0 = Release|Any CPU
	EndGlobalSection
	GlobalSection(SolutionProperties) = preSolution
		HideSolutionNode = FALSE
	EndGlobalSection
	GlobalSection(ExtensibilityGlobals) = postSolution
		SolutionGuid = {E99D75D4-6265-4BC6-B7C3-706C5EAC166A}
	EndGlobalSection
EndGlobal
